// !$*UTF8*$!
{
	archiveVersion = 1;
	classes = {
	};
	objectVersion = 46;
	objects = {

/* Begin PBXBuildFile section */
		6CA60485191F0F3A00E32169 /* Foundation.framework in Frameworks */ = {isa = PBXBuildFile; fileRef = 6CA60484191F0F3A00E32169 /* Foundation.framework */; };
		6CA60487191F0F3A00E32169 /* CoreGraphics.framework in Frameworks */ = {isa = PBXBuildFile; fileRef = 6CA60486191F0F3A00E32169 /* CoreGraphics.framework */; };
		6CA60489191F0F3A00E32169 /* UIKit.framework in Frameworks */ = {isa = PBXBuildFile; fileRef = 6CA60488191F0F3A00E32169 /* UIKit.framework */; };
		6CA6048F191F0F3A00E32169 /* InfoPlist.strings in Resources */ = {isa = PBXBuildFile; fileRef = 6CA6048D191F0F3A00E32169 /* InfoPlist.strings */; };
		6CA60491191F0F3A00E32169 /* main.m in Sources */ = {isa = PBXBuildFile; fileRef = 6CA60490191F0F3A00E32169 /* main.m */; };
		6CA60495191F0F3A00E32169 /* AppDelegate.m in Sources */ = {isa = PBXBuildFile; fileRef = 6CA60494191F0F3A00E32169 /* AppDelegate.m */; };
		6CA60498191F0F3A00E32169 /* Main.storyboard in Resources */ = {isa = PBXBuildFile; fileRef = 6CA60496191F0F3A00E32169 /* Main.storyboard */; };
		6CA6049B191F0F3A00E32169 /* ViewController.m in Sources */ = {isa = PBXBuildFile; fileRef = 6CA6049A191F0F3A00E32169 /* ViewController.m */; };
		6CA6049D191F0F3A00E32169 /* Images.xcassets in Resources */ = {isa = PBXBuildFile; fileRef = 6CA6049C191F0F3A00E32169 /* Images.xcassets */; };
		6CA604A4191F0F3A00E32169 /* XCTest.framework in Frameworks */ = {isa = PBXBuildFile; fileRef = 6CA604A3191F0F3A00E32169 /* XCTest.framework */; };
		6CA604A5191F0F3A00E32169 /* Foundation.framework in Frameworks */ = {isa = PBXBuildFile; fileRef = 6CA60484191F0F3A00E32169 /* Foundation.framework */; };
		6CA604A6191F0F3A00E32169 /* UIKit.framework in Frameworks */ = {isa = PBXBuildFile; fileRef = 6CA60488191F0F3A00E32169 /* UIKit.framework */; };
		6CA604AE191F0F3A00E32169 /* InfoPlist.strings in Resources */ = {isa = PBXBuildFile; fileRef = 6CA604AC191F0F3A00E32169 /* InfoPlist.strings */; };
		6CA604B0191F0F3A00E32169 /* QRContactTests.m in Sources */ = {isa = PBXBuildFile; fileRef = 6CA604AF191F0F3A00E32169 /* QRContactTests.m */; };
		6CA604D8191F0F6C00E32169 /* icon.png in Resources */ = {isa = PBXBuildFile; fileRef = 6CA604B9191F0F6C00E32169 /* icon.png */; };
		6CA604D9191F0F6C00E32169 /* libzbar.a in Frameworks */ = {isa = PBXBuildFile; fileRef = 6CA604D2191F0F6C00E32169 /* libzbar.a */; };
		6CA604DA191F0F6C00E32169 /* zbar-back.png in Resources */ = {isa = PBXBuildFile; fileRef = 6CA604D4191F0F6C00E32169 /* zbar-back.png */; };
		6CA604DB191F0F6C00E32169 /* zbar-help.html in Resources */ = {isa = PBXBuildFile; fileRef = 6CA604D5191F0F6C00E32169 /* zbar-help.html */; };
		6CA604DC191F0F6C00E32169 /* zbar-helpicons.png in Resources */ = {isa = PBXBuildFile; fileRef = 6CA604D6191F0F6C00E32169 /* zbar-helpicons.png */; };
		6CA604DD191F0F6C00E32169 /* zbar-samples.png in Resources */ = {isa = PBXBuildFile; fileRef = 6CA604D7191F0F6C00E32169 /* zbar-samples.png */; };
		6CA604E0191F123100E32169 /* Contact.m in Sources */ = {isa = PBXBuildFile; fileRef = 6CA604DF191F123100E32169 /* Contact.m */; };
		6CA604E2191F12BD00E32169 /* AVFoundation.framework in Frameworks */ = {isa = PBXBuildFile; fileRef = 6CA604E1191F12BD00E32169 /* AVFoundation.framework */; };
		6CA604E4191F12CC00E32169 /* CoreMedia.framework in Frameworks */ = {isa = PBXBuildFile; fileRef = 6CA604E3191F12CC00E32169 /* CoreMedia.framework */; };
		6CA604E6191F12DA00E32169 /* CoreVideo.framework in Frameworks */ = {isa = PBXBuildFile; fileRef = 6CA604E5191F12DA00E32169 /* CoreVideo.framework */; };
		6CA604E8191F12EE00E32169 /* QuartzCore.framework in Frameworks */ = {isa = PBXBuildFile; fileRef = 6CA604E7191F12EE00E32169 /* QuartzCore.framework */; };
		6CA604EA191F130D00E32169 /* libiconv.dylib in Frameworks */ = {isa = PBXBuildFile; fileRef = 6CA604E9191F130D00E32169 /* libiconv.dylib */; };
		6CA604EC191F190100E32169 /* AddressBook.framework in Frameworks */ = {isa = PBXBuildFile; fileRef = 6CA604EB191F190100E32169 /* AddressBook.framework */; };
/* End PBXBuildFile section */

/* Begin PBXContainerItemProxy section */
		6CA604A7191F0F3A00E32169 /* PBXContainerItemProxy */ = {
			isa = PBXContainerItemProxy;
			containerPortal = 6CA60479191F0F3A00E32169 /* Project object */;
			proxyType = 1;
			remoteGlobalIDString = 6CA60480191F0F3A00E32169;
			remoteInfo = QRContact;
		};
/* End PBXContainerItemProxy section */

/* Begin PBXFileReference section */
		6CA60481191F0F3A00E32169 /* QRContact.app */ = {isa = PBXFileReference; explicitFileType = wrapper.application; includeInIndex = 0; path = QRContact.app; sourceTree = BUILT_PRODUCTS_DIR; };
		6CA60484191F0F3A00E32169 /* Foundation.framework */ = {isa = PBXFileReference; lastKnownFileType = wrapper.framework; name = Foundation.framework; path = System/Library/Frameworks/Foundation.framework; sourceTree = SDKROOT; };
		6CA60486191F0F3A00E32169 /* CoreGraphics.framework */ = {isa = PBXFileReference; lastKnownFileType = wrapper.framework; name = CoreGraphics.framework; path = System/Library/Frameworks/CoreGraphics.framework; sourceTree = SDKROOT; };
		6CA60488191F0F3A00E32169 /* UIKit.framework */ = {isa = PBXFileReference; lastKnownFileType = wrapper.framework; name = UIKit.framework; path = System/Library/Frameworks/UIKit.framework; sourceTree = SDKROOT; };
		6CA6048C191F0F3A00E32169 /* QRContact-Info.plist */ = {isa = PBXFileReference; lastKnownFileType = text.plist.xml; path = "QRContact-Info.plist"; sourceTree = "<group>"; };
		6CA6048E191F0F3A00E32169 /* en */ = {isa = PBXFileReference; lastKnownFileType = text.plist.strings; name = en; path = en.lproj/InfoPlist.strings; sourceTree = "<group>"; };
		6CA60490191F0F3A00E32169 /* main.m */ = {isa = PBXFileReference; lastKnownFileType = sourcecode.c.objc; path = main.m; sourceTree = "<group>"; };
		6CA60492191F0F3A00E32169 /* QRContact-Prefix.pch */ = {isa = PBXFileReference; lastKnownFileType = sourcecode.c.h; path = "QRContact-Prefix.pch"; sourceTree = "<group>"; };
		6CA60493191F0F3A00E32169 /* AppDelegate.h */ = {isa = PBXFileReference; lastKnownFileType = sourcecode.c.h; path = AppDelegate.h; sourceTree = "<group>"; };
		6CA60494191F0F3A00E32169 /* AppDelegate.m */ = {isa = PBXFileReference; lastKnownFileType = sourcecode.c.objc; path = AppDelegate.m; sourceTree = "<group>"; };
		6CA60497191F0F3A00E32169 /* Base */ = {isa = PBXFileReference; lastKnownFileType = file.storyboard; name = Base; path = Base.lproj/Main.storyboard; sourceTree = "<group>"; };
		6CA60499191F0F3A00E32169 /* ViewController.h */ = {isa = PBXFileReference; lastKnownFileType = sourcecode.c.h; path = ViewController.h; sourceTree = "<group>"; };
		6CA6049A191F0F3A00E32169 /* ViewController.m */ = {isa = PBXFileReference; lastKnownFileType = sourcecode.c.objc; path = ViewController.m; sourceTree = "<group>"; };
		6CA6049C191F0F3A00E32169 /* Images.xcassets */ = {isa = PBXFileReference; lastKnownFileType = folder.assetcatalog; path = Images.xcassets; sourceTree = "<group>"; };
		6CA604A2191F0F3A00E32169 /* QRContactTests.xctest */ = {isa = PBXFileReference; explicitFileType = wrapper.cfbundle; includeInIndex = 0; path = QRContactTests.xctest; sourceTree = BUILT_PRODUCTS_DIR; };
		6CA604A3191F0F3A00E32169 /* XCTest.framework */ = {isa = PBXFileReference; lastKnownFileType = wrapper.framework; name = XCTest.framework; path = Library/Frameworks/XCTest.framework; sourceTree = DEVELOPER_DIR; };
		6CA604AB191F0F3A00E32169 /* QRContactTests-Info.plist */ = {isa = PBXFileReference; lastKnownFileType = text.plist.xml; path = "QRContactTests-Info.plist"; sourceTree = "<group>"; };
		6CA604AD191F0F3A00E32169 /* en */ = {isa = PBXFileReference; lastKnownFileType = text.plist.strings; name = en; path = en.lproj/InfoPlist.strings; sourceTree = "<group>"; };
		6CA604AF191F0F3A00E32169 /* QRContactTests.m */ = {isa = PBXFileReference; lastKnownFileType = sourcecode.c.objc; path = QRContactTests.m; sourceTree = "<group>"; };
		6CA604B9191F0F6C00E32169 /* icon.png */ = {isa = PBXFileReference; lastKnownFileType = image.png; path = icon.png; sourceTree = "<group>"; };
		6CA604BE191F0F6C00E32169 /* Decoder.h */ = {isa = PBXFileReference; fileEncoding = 4; lastKnownFileType = sourcecode.c.h; path = Decoder.h; sourceTree = "<group>"; };
		6CA604BF191F0F6C00E32169 /* Exception.h */ = {isa = PBXFileReference; fileEncoding = 4; lastKnownFileType = sourcecode.c.h; path = Exception.h; sourceTree = "<group>"; };
		6CA604C0191F0F6C00E32169 /* Image.h */ = {isa = PBXFileReference; fileEncoding = 4; lastKnownFileType = sourcecode.c.h; path = Image.h; sourceTree = "<group>"; };
		6CA604C1191F0F6C00E32169 /* ImageScanner.h */ = {isa = PBXFileReference; fileEncoding = 4; lastKnownFileType = sourcecode.c.h; path = ImageScanner.h; sourceTree = "<group>"; };
		6CA604C2191F0F6C00E32169 /* Processor.h */ = {isa = PBXFileReference; fileEncoding = 4; lastKnownFileType = sourcecode.c.h; path = Processor.h; sourceTree = "<group>"; };
		6CA604C3191F0F6C00E32169 /* Scanner.h */ = {isa = PBXFileReference; fileEncoding = 4; lastKnownFileType = sourcecode.c.h; path = Scanner.h; sourceTree = "<group>"; };
		6CA604C4191F0F6C00E32169 /* Symbol.h */ = {isa = PBXFileReference; fileEncoding = 4; lastKnownFileType = sourcecode.c.h; path = Symbol.h; sourceTree = "<group>"; };
		6CA604C5191F0F6C00E32169 /* Video.h */ = {isa = PBXFileReference; fileEncoding = 4; lastKnownFileType = sourcecode.c.h; path = Video.h; sourceTree = "<group>"; };
		6CA604C6191F0F6C00E32169 /* Window.h */ = {isa = PBXFileReference; fileEncoding = 4; lastKnownFileType = sourcecode.c.h; path = Window.h; sourceTree = "<group>"; };
		6CA604C7191F0F6C00E32169 /* zbar.h */ = {isa = PBXFileReference; fileEncoding = 4; lastKnownFileType = sourcecode.c.h; path = zbar.h; sourceTree = "<group>"; };
		6CA604C8191F0F6C00E32169 /* ZBarCameraSimulator.h */ = {isa = PBXFileReference; fileEncoding = 4; lastKnownFileType = sourcecode.c.h; path = ZBarCameraSimulator.h; sourceTree = "<group>"; };
		6CA604C9191F0F6C00E32169 /* ZBarCaptureReader.h */ = {isa = PBXFileReference; fileEncoding = 4; lastKnownFileType = sourcecode.c.h; path = ZBarCaptureReader.h; sourceTree = "<group>"; };
		6CA604CA191F0F6C00E32169 /* ZBarHelpController.h */ = {isa = PBXFileReference; fileEncoding = 4; lastKnownFileType = sourcecode.c.h; path = ZBarHelpController.h; sourceTree = "<group>"; };
		6CA604CB191F0F6C00E32169 /* ZBarImage.h */ = {isa = PBXFileReference; fileEncoding = 4; lastKnownFileType = sourcecode.c.h; path = ZBarImage.h; sourceTree = "<group>"; };
		6CA604CC191F0F6C00E32169 /* ZBarImageScanner.h */ = {isa = PBXFileReference; fileEncoding = 4; lastKnownFileType = sourcecode.c.h; path = ZBarImageScanner.h; sourceTree = "<group>"; };
		6CA604CD191F0F6C00E32169 /* ZBarReaderController.h */ = {isa = PBXFileReference; fileEncoding = 4; lastKnownFileType = sourcecode.c.h; path = ZBarReaderController.h; sourceTree = "<group>"; };
		6CA604CE191F0F6C00E32169 /* ZBarReaderView.h */ = {isa = PBXFileReference; fileEncoding = 4; lastKnownFileType = sourcecode.c.h; path = ZBarReaderView.h; sourceTree = "<group>"; };
		6CA604CF191F0F6C00E32169 /* ZBarReaderViewController.h */ = {isa = PBXFileReference; fileEncoding = 4; lastKnownFileType = sourcecode.c.h; path = ZBarReaderViewController.h; sourceTree = "<group>"; };
		6CA604D0191F0F6C00E32169 /* ZBarSDK.h */ = {isa = PBXFileReference; fileEncoding = 4; lastKnownFileType = sourcecode.c.h; path = ZBarSDK.h; sourceTree = "<group>"; };
		6CA604D1191F0F6C00E32169 /* ZBarSymbol.h */ = {isa = PBXFileReference; fileEncoding = 4; lastKnownFileType = sourcecode.c.h; path = ZBarSymbol.h; sourceTree = "<group>"; };
		6CA604D2191F0F6C00E32169 /* libzbar.a */ = {isa = PBXFileReference; lastKnownFileType = archive.ar; path = libzbar.a; sourceTree = "<group>"; };
		6CA604D4191F0F6C00E32169 /* zbar-back.png */ = {isa = PBXFileReference; lastKnownFileType = image.png; path = "zbar-back.png"; sourceTree = "<group>"; };
		6CA604D5191F0F6C00E32169 /* zbar-help.html */ = {isa = PBXFileReference; fileEncoding = 4; lastKnownFileType = text.html; path = "zbar-help.html"; sourceTree = "<group>"; };
		6CA604D6191F0F6C00E32169 /* zbar-helpicons.png */ = {isa = PBXFileReference; lastKnownFileType = image.png; path = "zbar-helpicons.png"; sourceTree = "<group>"; };
		6CA604D7191F0F6C00E32169 /* zbar-samples.png */ = {isa = PBXFileReference; lastKnownFileType = image.png; path = "zbar-samples.png"; sourceTree = "<group>"; };
		6CA604DE191F123100E32169 /* Contact.h */ = {isa = PBXFileReference; fileEncoding = 4; lastKnownFileType = sourcecode.c.h; path = Contact.h; sourceTree = "<group>"; };
		6CA604DF191F123100E32169 /* Contact.m */ = {isa = PBXFileReference; fileEncoding = 4; lastKnownFileType = sourcecode.c.objc; path = Contact.m; sourceTree = "<group>"; };
		6CA604E1191F12BD00E32169 /* AVFoundation.framework */ = {isa = PBXFileReference; lastKnownFileType = wrapper.framework; name = AVFoundation.framework; path = System/Library/Frameworks/AVFoundation.framework; sourceTree = SDKROOT; };
		6CA604E3191F12CC00E32169 /* CoreMedia.framework */ = {isa = PBXFileReference; lastKnownFileType = wrapper.framework; name = CoreMedia.framework; path = System/Library/Frameworks/CoreMedia.framework; sourceTree = SDKROOT; };
		6CA604E5191F12DA00E32169 /* CoreVideo.framework */ = {isa = PBXFileReference; lastKnownFileType = wrapper.framework; name = CoreVideo.framework; path = System/Library/Frameworks/CoreVideo.framework; sourceTree = SDKROOT; };
		6CA604E7191F12EE00E32169 /* QuartzCore.framework */ = {isa = PBXFileReference; lastKnownFileType = wrapper.framework; name = QuartzCore.framework; path = System/Library/Frameworks/QuartzCore.framework; sourceTree = SDKROOT; };
		6CA604E9191F130D00E32169 /* libiconv.dylib */ = {isa = PBXFileReference; lastKnownFileType = "compiled.mach-o.dylib"; name = libiconv.dylib; path = usr/lib/libiconv.dylib; sourceTree = SDKROOT; };
		6CA604EB191F190100E32169 /* AddressBook.framework */ = {isa = PBXFileReference; lastKnownFileType = wrapper.framework; name = AddressBook.framework; path = System/Library/Frameworks/AddressBook.framework; sourceTree = SDKROOT; };
/* End PBXFileReference section */

/* Begin PBXFrameworksBuildPhase section */
		6CA6047E191F0F3A00E32169 /* Frameworks */ = {
			isa = PBXFrameworksBuildPhase;
			buildActionMask = 2147483647;
			files = (
				6CA604EC191F190100E32169 /* AddressBook.framework in Frameworks */,
				6CA604EA191F130D00E32169 /* libiconv.dylib in Frameworks */,
				6CA604E8191F12EE00E32169 /* QuartzCore.framework in Frameworks */,
				6CA604E6191F12DA00E32169 /* CoreVideo.framework in Frameworks */,
				6CA604E4191F12CC00E32169 /* CoreMedia.framework in Frameworks */,
				6CA604E2191F12BD00E32169 /* AVFoundation.framework in Frameworks */,
				6CA60487191F0F3A00E32169 /* CoreGraphics.framework in Frameworks */,
				6CA60489191F0F3A00E32169 /* UIKit.framework in Frameworks */,
				6CA604D9191F0F6C00E32169 /* libzbar.a in Frameworks */,
				6CA60485191F0F3A00E32169 /* Foundation.framework in Frameworks */,
			);
			runOnlyForDeploymentPostprocessing = 0;
		};
		6CA6049F191F0F3A00E32169 /* Frameworks */ = {
			isa = PBXFrameworksBuildPhase;
			buildActionMask = 2147483647;
			files = (
				6CA604A4191F0F3A00E32169 /* XCTest.framework in Frameworks */,
				6CA604A6191F0F3A00E32169 /* UIKit.framework in Frameworks */,
				6CA604A5191F0F3A00E32169 /* Foundation.framework in Frameworks */,
			);
			runOnlyForDeploymentPostprocessing = 0;
		};
/* End PBXFrameworksBuildPhase section */

/* Begin PBXGroup section */
		6CA60478191F0F3A00E32169 = {
			isa = PBXGroup;
			children = (
				6CA604B9191F0F6C00E32169 /* icon.png */,
				6CA604BA191F0F6C00E32169 /* ZBarSDK */,
				6CA6048A191F0F3A00E32169 /* QRContact */,
				6CA604A9191F0F3A00E32169 /* QRContactTests */,
				6CA60483191F0F3A00E32169 /* Frameworks */,
				6CA60482191F0F3A00E32169 /* Products */,
			);
			sourceTree = "<group>";
		};
		6CA60482191F0F3A00E32169 /* Products */ = {
			isa = PBXGroup;
			children = (
				6CA60481191F0F3A00E32169 /* QRContact.app */,
				6CA604A2191F0F3A00E32169 /* QRContactTests.xctest */,
			);
			name = Products;
			sourceTree = "<group>";
		};
		6CA60483191F0F3A00E32169 /* Frameworks */ = {
			isa = PBXGroup;
			children = (
				6CA604EB191F190100E32169 /* AddressBook.framework */,
				6CA604E9191F130D00E32169 /* libiconv.dylib */,
				6CA604E7191F12EE00E32169 /* QuartzCore.framework */,
				6CA604E5191F12DA00E32169 /* CoreVideo.framework */,
				6CA604E3191F12CC00E32169 /* CoreMedia.framework */,
				6CA604E1191F12BD00E32169 /* AVFoundation.framework */,
				6CA60484191F0F3A00E32169 /* Foundation.framework */,
				6CA60486191F0F3A00E32169 /* CoreGraphics.framework */,
				6CA60488191F0F3A00E32169 /* UIKit.framework */,
				6CA604A3191F0F3A00E32169 /* XCTest.framework */,
			);
			name = Frameworks;
			sourceTree = "<group>";
		};
		6CA6048A191F0F3A00E32169 /* QRContact */ = {
			isa = PBXGroup;
			children = (
				6CA60493191F0F3A00E32169 /* AppDelegate.h */,
				6CA60494191F0F3A00E32169 /* AppDelegate.m */,
				6CA60496191F0F3A00E32169 /* Main.storyboard */,
				6CA60499191F0F3A00E32169 /* ViewController.h */,
				6CA6049A191F0F3A00E32169 /* ViewController.m */,
				6CA6049C191F0F3A00E32169 /* Images.xcassets */,
				6CA6048B191F0F3A00E32169 /* Supporting Files */,
				6CA604DE191F123100E32169 /* Contact.h */,
				6CA604DF191F123100E32169 /* Contact.m */,
			);
			path = QRContact;
			sourceTree = "<group>";
		};
		6CA6048B191F0F3A00E32169 /* Supporting Files */ = {
			isa = PBXGroup;
			children = (
				6CA6048C191F0F3A00E32169 /* QRContact-Info.plist */,
				6CA6048D191F0F3A00E32169 /* InfoPlist.strings */,
				6CA60490191F0F3A00E32169 /* main.m */,
				6CA60492191F0F3A00E32169 /* QRContact-Prefix.pch */,
			);
			name = "Supporting Files";
			sourceTree = "<group>";
		};
		6CA604A9191F0F3A00E32169 /* QRContactTests */ = {
			isa = PBXGroup;
			children = (
				6CA604AF191F0F3A00E32169 /* QRContactTests.m */,
				6CA604AA191F0F3A00E32169 /* Supporting Files */,
			);
			path = QRContactTests;
			sourceTree = "<group>";
		};
		6CA604AA191F0F3A00E32169 /* Supporting Files */ = {
			isa = PBXGroup;
			children = (
				6CA604AB191F0F3A00E32169 /* QRContactTests-Info.plist */,
				6CA604AC191F0F3A00E32169 /* InfoPlist.strings */,
			);
			name = "Supporting Files";
			sourceTree = "<group>";
		};
		6CA604BA191F0F6C00E32169 /* ZBarSDK */ = {
			isa = PBXGroup;
			children = (
				6CA604BB191F0F6C00E32169 /* Headers */,
				6CA604D2191F0F6C00E32169 /* libzbar.a */,
				6CA604D3191F0F6C00E32169 /* Resources */,
			);
			path = ZBarSDK;
			sourceTree = "<group>";
		};
		6CA604BB191F0F6C00E32169 /* Headers */ = {
			isa = PBXGroup;
			children = (
				6CA604BC191F0F6C00E32169 /* ZBarSDK */,
			);
			path = Headers;
			sourceTree = "<group>";
		};
		6CA604BC191F0F6C00E32169 /* ZBarSDK */ = {
			isa = PBXGroup;
			children = (
				6CA604BD191F0F6C00E32169 /* zbar */,
				6CA604C7191F0F6C00E32169 /* zbar.h */,
				6CA604C8191F0F6C00E32169 /* ZBarCameraSimulator.h */,
				6CA604C9191F0F6C00E32169 /* ZBarCaptureReader.h */,
				6CA604CA191F0F6C00E32169 /* ZBarHelpController.h */,
				6CA604CB191F0F6C00E32169 /* ZBarImage.h */,
				6CA604CC191F0F6C00E32169 /* ZBarImageScanner.h */,
				6CA604CD191F0F6C00E32169 /* ZBarReaderController.h */,
				6CA604CE191F0F6C00E32169 /* ZBarReaderView.h */,
				6CA604CF191F0F6C00E32169 /* ZBarReaderViewController.h */,
				6CA604D0191F0F6C00E32169 /* ZBarSDK.h */,
				6CA604D1191F0F6C00E32169 /* ZBarSymbol.h */,
			);
			path = ZBarSDK;
			sourceTree = "<group>";
		};
		6CA604BD191F0F6C00E32169 /* zbar */ = {
			isa = PBXGroup;
			children = (
				6CA604BE191F0F6C00E32169 /* Decoder.h */,
				6CA604BF191F0F6C00E32169 /* Exception.h */,
				6CA604C0191F0F6C00E32169 /* Image.h */,
				6CA604C1191F0F6C00E32169 /* ImageScanner.h */,
				6CA604C2191F0F6C00E32169 /* Processor.h */,
				6CA604C3191F0F6C00E32169 /* Scanner.h */,
				6CA604C4191F0F6C00E32169 /* Symbol.h */,
				6CA604C5191F0F6C00E32169 /* Video.h */,
				6CA604C6191F0F6C00E32169 /* Window.h */,
			);
			path = zbar;
			sourceTree = "<group>";
		};
		6CA604D3191F0F6C00E32169 /* Resources */ = {
			isa = PBXGroup;
			children = (
				6CA604D4191F0F6C00E32169 /* zbar-back.png */,
				6CA604D5191F0F6C00E32169 /* zbar-help.html */,
				6CA604D6191F0F6C00E32169 /* zbar-helpicons.png */,
				6CA604D7191F0F6C00E32169 /* zbar-samples.png */,
			);
			path = Resources;
			sourceTree = "<group>";
		};
/* End PBXGroup section */

/* Begin PBXNativeTarget section */
		6CA60480191F0F3A00E32169 /* QRContact */ = {
			isa = PBXNativeTarget;
			buildConfigurationList = 6CA604B3191F0F3A00E32169 /* Build configuration list for PBXNativeTarget "QRContact" */;
			buildPhases = (
				6CA6047D191F0F3A00E32169 /* Sources */,
				6CA6047E191F0F3A00E32169 /* Frameworks */,
				6CA6047F191F0F3A00E32169 /* Resources */,
			);
			buildRules = (
			);
			dependencies = (
			);
			name = QRContact;
			productName = QRContact;
			productReference = 6CA60481191F0F3A00E32169 /* QRContact.app */;
			productType = "com.apple.product-type.application";
		};
		6CA604A1191F0F3A00E32169 /* QRContactTests */ = {
			isa = PBXNativeTarget;
			buildConfigurationList = 6CA604B6191F0F3A00E32169 /* Build configuration list for PBXNativeTarget "QRContactTests" */;
			buildPhases = (
				6CA6049E191F0F3A00E32169 /* Sources */,
				6CA6049F191F0F3A00E32169 /* Frameworks */,
				6CA604A0191F0F3A00E32169 /* Resources */,
			);
			buildRules = (
			);
			dependencies = (
				6CA604A8191F0F3A00E32169 /* PBXTargetDependency */,
			);
			name = QRContactTests;
			productName = QRContactTests;
			productReference = 6CA604A2191F0F3A00E32169 /* QRContactTests.xctest */;
			productType = "com.apple.product-type.bundle.unit-test";
		};
/* End PBXNativeTarget section */

/* Begin PBXProject section */
		6CA60479191F0F3A00E32169 /* Project object */ = {
			isa = PBXProject;
			attributes = {
				LastUpgradeCheck = 0510;
				ORGANIZATIONNAME = okito.kagechika;
				TargetAttributes = {
					6CA604A1191F0F3A00E32169 = {
						TestTargetID = 6CA60480191F0F3A00E32169;
					};
				};
			};
			buildConfigurationList = 6CA6047C191F0F3A00E32169 /* Build configuration list for PBXProject "QRContact" */;
			compatibilityVersion = "Xcode 3.2";
			developmentRegion = English;
			hasScannedForEncodings = 0;
			knownRegions = (
				en,
				Base,
			);
			mainGroup = 6CA60478191F0F3A00E32169;
			productRefGroup = 6CA60482191F0F3A00E32169 /* Products */;
			projectDirPath = "";
			projectRoot = "";
			targets = (
				6CA60480191F0F3A00E32169 /* QRContact */,
				6CA604A1191F0F3A00E32169 /* QRContactTests */,
			);
		};
/* End PBXProject section */

/* Begin PBXResourcesBuildPhase section */
		6CA6047F191F0F3A00E32169 /* Resources */ = {
			isa = PBXResourcesBuildPhase;
			buildActionMask = 2147483647;
			files = (
				6CA604D8191F0F6C00E32169 /* icon.png in Resources */,
				6CA6049D191F0F3A00E32169 /* Images.xcassets in Resources */,
				6CA6048F191F0F3A00E32169 /* InfoPlist.strings in Resources */,
				6CA60498191F0F3A00E32169 /* Main.storyboard in Resources */,
				6CA604DD191F0F6C00E32169 /* zbar-samples.png in Resources */,
				6CA604DB191F0F6C00E32169 /* zbar-help.html in Resources */,
				6CA604DA191F0F6C00E32169 /* zbar-back.png in Resources */,
				6CA604DC191F0F6C00E32169 /* zbar-helpicons.png in Resources */,
			);
			runOnlyForDeploymentPostprocessing = 0;
		};
		6CA604A0191F0F3A00E32169 /* Resources */ = {
			isa = PBXResourcesBuildPhase;
			buildActionMask = 2147483647;
			files = (
				6CA604AE191F0F3A00E32169 /* InfoPlist.strings in Resources */,
			);
			runOnlyForDeploymentPostprocessing = 0;
		};
/* End PBXResourcesBuildPhase section */

/* Begin PBXSourcesBuildPhase section */
		6CA6047D191F0F3A00E32169 /* Sources */ = {
			isa = PBXSourcesBuildPhase;
			buildActionMask = 2147483647;
			files = (
				6CA604E0191F123100E32169 /* Contact.m in Sources */,
				6CA6049B191F0F3A00E32169 /* ViewController.m in Sources */,
				6CA60495191F0F3A00E32169 /* AppDelegate.m in Sources */,
				6CA60491191F0F3A00E32169 /* main.m in Sources */,
			);
			runOnlyForDeploymentPostprocessing = 0;
		};
		6CA6049E191F0F3A00E32169 /* Sources */ = {
			isa = PBXSourcesBuildPhase;
			buildActionMask = 2147483647;
			files = (
				6CA604B0191F0F3A00E32169 /* QRContactTests.m in Sources */,
			);
			runOnlyForDeploymentPostprocessing = 0;
		};
/* End PBXSourcesBuildPhase section */

/* Begin PBXTargetDependency section */
		6CA604A8191F0F3A00E32169 /* PBXTargetDependency */ = {
			isa = PBXTargetDependency;
			target = 6CA60480191F0F3A00E32169 /* QRContact */;
			targetProxy = 6CA604A7191F0F3A00E32169 /* PBXContainerItemProxy */;
		};
/* End PBXTargetDependency section */

/* Begin PBXVariantGroup section */
		6CA6048D191F0F3A00E32169 /* InfoPlist.strings */ = {
			isa = PBXVariantGroup;
			children = (
				6CA6048E191F0F3A00E32169 /* en */,
			);
			name = InfoPlist.strings;
			sourceTree = "<group>";
		};
		6CA60496191F0F3A00E32169 /* Main.storyboard */ = {
			isa = PBXVariantGroup;
			children = (
				6CA60497191F0F3A00E32169 /* Base */,
			);
			name = Main.storyboard;
			sourceTree = "<group>";
		};
		6CA604AC191F0F3A00E32169 /* InfoPlist.strings */ = {
			isa = PBXVariantGroup;
			children = (
				6CA604AD191F0F3A00E32169 /* en */,
			);
			name = InfoPlist.strings;
			sourceTree = "<group>";
		};
/* End PBXVariantGroup section */

/* Begin XCBuildConfiguration section */
		6CA604B1191F0F3A00E32169 /* Debug */ = {
			isa = XCBuildConfiguration;
			buildSettings = {
				ALWAYS_SEARCH_USER_PATHS = NO;
				CLANG_CXX_LANGUAGE_STANDARD = "gnu++0x";
				CLANG_CXX_LIBRARY = "libc++";
				CLANG_ENABLE_MODULES = YES;
				CLANG_ENABLE_OBJC_ARC = YES;
				CLANG_WARN_BOOL_CONVERSION = YES;
				CLANG_WARN_CONSTANT_CONVERSION = YES;
				CLANG_WARN_DIRECT_OBJC_ISA_USAGE = YES_ERROR;
				CLANG_WARN_EMPTY_BODY = YES;
				CLANG_WARN_ENUM_CONVERSION = YES;
				CLANG_WARN_INT_CONVERSION = YES;
				CLANG_WARN_OBJC_ROOT_CLASS = YES_ERROR;
				CLANG_WARN__DUPLICATE_METHOD_MATCH = YES;
				"CODE_SIGN_IDENTITY[sdk=iphoneos*]" = "iPhone Developer";
				COPY_PHASE_STRIP = NO;
				GCC_C_LANGUAGE_STANDARD = gnu99;
				GCC_DYNAMIC_NO_PIC = NO;
				GCC_OPTIMIZATION_LEVEL = 0;
				GCC_PREPROCESSOR_DEFINITIONS = (
					"DEBUG=1",
					"$(inherited)",
				);
				GCC_SYMBOLS_PRIVATE_EXTERN = NO;
				GCC_WARN_64_TO_32_BIT_CONVERSION = YES;
				GCC_WARN_ABOUT_RETURN_TYPE = YES_ERROR;
				GCC_WARN_UNDECLARED_SELECTOR = YES;
				GCC_WARN_UNINITIALIZED_AUTOS = YES_AGGRESSIVE;
				GCC_WARN_UNUSED_FUNCTION = YES;
				GCC_WARN_UNUSED_VARIABLE = YES;
				IPHONEOS_DEPLOYMENT_TARGET = 7.1;
				ONLY_ACTIVE_ARCH = YES;
				SDKROOT = iphoneos;
			};
			name = Debug;
		};
		6CA604B2191F0F3A00E32169 /* Release */ = {
			isa = XCBuildConfiguration;
			buildSettings = {
				ALWAYS_SEARCH_USER_PATHS = NO;
				CLANG_CXX_LANGUAGE_STANDARD = "gnu++0x";
				CLANG_CXX_LIBRARY = "libc++";
				CLANG_ENABLE_MODULES = YES;
				CLANG_ENABLE_OBJC_ARC = YES;
				CLANG_WARN_BOOL_CONVERSION = YES;
				CLANG_WARN_CONSTANT_CONVERSION = YES;
				CLANG_WARN_DIRECT_OBJC_ISA_USAGE = YES_ERROR;
				CLANG_WARN_EMPTY_BODY = YES;
				CLANG_WARN_ENUM_CONVERSION = YES;
				CLANG_WARN_INT_CONVERSION = YES;
				CLANG_WARN_OBJC_ROOT_CLASS = YES_ERROR;
				CLANG_WARN__DUPLICATE_METHOD_MATCH = YES;
				"CODE_SIGN_IDENTITY[sdk=iphoneos*]" = "iPhone Developer";
				COPY_PHASE_STRIP = YES;
				ENABLE_NS_ASSERTIONS = NO;
				GCC_C_LANGUAGE_STANDARD = gnu99;
				GCC_WARN_64_TO_32_BIT_CONVERSION = YES;
				GCC_WARN_ABOUT_RETURN_TYPE = YES_ERROR;
				GCC_WARN_UNDECLARED_SELECTOR = YES;
				GCC_WARN_UNINITIALIZED_AUTOS = YES_AGGRESSIVE;
				GCC_WARN_UNUSED_FUNCTION = YES;
				GCC_WARN_UNUSED_VARIABLE = YES;
				IPHONEOS_DEPLOYMENT_TARGET = 7.1;
				SDKROOT = iphoneos;
				VALIDATE_PRODUCT = YES;
			};
			name = Release;
		};
		6CA604B4191F0F3A00E32169 /* Debug */ = {
			isa = XCBuildConfiguration;
			buildSettings = {
				ASSETCATALOG_COMPILER_APPICON_NAME = AppIcon;
				ASSETCATALOG_COMPILER_LAUNCHIMAGE_NAME = LaunchImage;
				GCC_PRECOMPILE_PREFIX_HEADER = YES;
				GCC_PREFIX_HEADER = "QRContact/QRContact-Prefix.pch";
				INFOPLIST_FILE = "QRContact/QRContact-Info.plist";
				LIBRARY_SEARCH_PATHS = (
					"$(inherited)",
					"$(PROJECT_DIR)/ZBarSDK",
				);
				PRODUCT_NAME = "$(TARGET_NAME)";
				WRAPPER_EXTENSION = app;
			};
			name = Debug;
		};
		6CA604B5191F0F3A00E32169 /* Release */ = {
			isa = XCBuildConfiguration;
			buildSettings = {
				ASSETCATALOG_COMPILER_APPICON_NAME = AppIcon;
				ASSETCATALOG_COMPILER_LAUNCHIMAGE_NAME = LaunchImage;
				GCC_PRECOMPILE_PREFIX_HEADER = YES;
				GCC_PREFIX_HEADER = "QRContact/QRContact-Prefix.pch";
				INFOPLIST_FILE = "QRContact/QRContact-Info.plist";
				LIBRARY_SEARCH_PATHS = (
					"$(inherited)",
					"$(PROJECT_DIR)/ZBarSDK",
				);
				PRODUCT_NAME = "$(TARGET_NAME)";
				WRAPPER_EXTENSION = app;
			};
			name = Release;
		};
		6CA604B7191F0F3A00E32169 /* Debug */ = {
			isa = XCBuildConfiguration;
			buildSettings = {
				BUNDLE_LOADER = "$(BUILT_PRODUCTS_DIR)/QRContact.app/QRContact";
				FRAMEWORK_SEARCH_PATHS = (
					"$(SDKROOT)/Developer/Library/Frameworks",
					"$(inherited)",
					"$(DEVELOPER_FRAMEWORKS_DIR)",
				);
				GCC_PRECOMPILE_PREFIX_HEADER = YES;
				GCC_PREFIX_HEADER = "QRContact/QRContact-Prefix.pch";
				GCC_PREPROCESSOR_DEFINITIONS = (
					"DEBUG=1",
					"$(inherited)",
				);
				INFOPLIST_FILE = "QRContactTests/QRContactTests-Info.plist";
				PRODUCT_NAME = "$(TARGET_NAME)";
				TEST_HOST = "$(BUNDLE_LOADER)";
				WRAPPER_EXTENSION = xctest;
			};
			name = Debug;
		};
		6CA604B8191F0F3A00E32169 /* Release */ = {
			isa = XCBuildConfiguration;
			buildSettings = {
				BUNDLE_LOADER = "$(BUILT_PRODUCTS_DIR)/QRContact.app/QRContact";
				FRAMEWORK_SEARCH_PATHS = (
					"$(SDKROOT)/Developer/Library/Frameworks",
					"$(inherited)",
					"$(DEVELOPER_FRAMEWORKS_DIR)",
				);
				GCC_PRECOMPILE_PREFIX_HEADER = YES;
				GCC_PREFIX_HEADER = "QRContact/QRContact-Prefix.pch";
				INFOPLIST_FILE = "QRContactTests/QRContactTests-Info.plist";
				PRODUCT_NAME = "$(TARGET_NAME)";
				TEST_HOST = "$(BUNDLE_LOADER)";
				WRAPPER_EXTENSION = xctest;
			};
			name = Release;
		};
/* End XCBuildConfiguration section */

/* Begin XCConfigurationList section */
		6CA6047C191F0F3A00E32169 /* Build configuration list for PBXProject "QRContact" */ = {
			isa = XCConfigurationList;
			buildConfigurations = (
				6CA604B1191F0F3A00E32169 /* Debug */,
				6CA604B2191F0F3A00E32169 /* Release */,
			);
			defaultConfigurationIsVisible = 0;
			defaultConfigurationName = Release;
		};
		6CA604B3191F0F3A00E32169 /* Build configuration list for PBXNativeTarget "QRContact" */ = {
			isa = XCConfigurationList;
			buildConfigurations = (
				6CA604B4191F0F3A00E32169 /* Debug */,
				6CA604B5191F0F3A00E32169 /* Release */,
			);
			defaultConfigurationIsVisible = 0;
		};
		6CA604B6191F0F3A00E32169 /* Build configuration list for PBXNativeTarget "QRContactTests" */ = {
			isa = XCConfigurationList;
			buildConfigurations = (
				6CA604B7191F0F3A00E32169 /* Debug */,
				6CA604B8191F0F3A00E32169 /* Release */,
			);
			defaultConfigurationIsVisible = 0;
		};
/* End XCConfigurationList section */
	};
	rootObject = 6CA60479191F0F3A00E32169 /* Project object */;
}
